
Microsoft Visual Studio Solution File, Format Version 12.00
# Visual Studio Version 17
VisualStudioVersion = 17.0.31903.59
MinimumVisualStudioVersion = 10.0.40219.1
Project("{FAE04EC0-301F-11D3-BF4B-00C04F79EFBC}") = "Railroader-DummyMod", "Railroader-DummyMod\Railroader-DummyMod.csproj", "{3FA4165B-E959-41CE-84AC-ABE36E0AEC3E}"
EndProject
Project("{FAE04EC0-301F-11D3-BF4B-00C04F79EFBC}") = "Railroader-ModInjector", "Railroader-ModInjector\Railroader-ModInjector.csproj", "{797B6FF5-1096-47BB-B251-215DBA5DF273}"
EndProject
Project("{FAE04EC0-301F-11D3-BF4B-00C04F79EFBC}") = "Railroader-ModInjector.Tests", "Railroader-ModInjector.Tests\Railroader-ModInjector.Tests.csproj", "{79DCAB4F-E19A-4BAB-B652-8A3F6E622382}"
EndProject
Project("{FAE04EC0-301F-11D3-BF4B-00C04F79EFBC}") = "Railroader-ModInterfaces", "Railroader-ModInterfaces\Railroader-ModInterfaces.csproj", "{C0EBBA8B-207E-49E7-A2A7-5CDB0B8EE9C5}"
EndProject
Project("{FAE04EC0-301F-11D3-BF4B-00C04F79EFBC}") = "Railroader-ModInterfaces.Tests", "Railroader-ModInterfaces.Tests\Railroader-ModInterfaces.Tests.csproj", "{4209A3D4-AC21-4B19-A753-16215E7D4A39}"
EndProject
Project("{FAE04EC0-301F-11D3-BF4B-00C04F79EFBC}") = "Railroader-ModsLoader", "Railroader-ModsLoader\Railroader-ModsLoader.csproj", "{E7542518-EFAB-4EAB-9ACC-D83B49B85E52}"
EndProject
Project("{2150E333-8FDC-42A3-9474-1A3956D46DE8}") = "src", "src", "{7EA7E276-EC85-429E-A358-46FC99B5F769}"
EndProject
Project("{2150E333-8FDC-42A3-9474-1A3956D46DE8}") = "tests", "tests", "{951B46DF-AC6C-4BBD-82BF-DCA8CE1BAED6}"
EndProject
Project("{2150E333-8FDC-42A3-9474-1A3956D46DE8}") = "mods", "mods", "{7C92241D-E081-41E1-B519-63E0BF15E869}"
EndProject
Project("{2150E333-8FDC-42A3-9474-1A3956D46DE8}") = "game", "game", "{AB1045A7-6ACD-42CC-A901-8C9C6985A8D7}"
EndProject
Project("{FAE04EC0-301F-11D3-BF4B-00C04F79EFBC}") = "Assembly-CSharp", "..\Assembly-CSharp\Assembly-CSharp.csproj", "{65DAEE38-18C8-42EE-B711-077227C528C3}"
EndProject
Project("{2150E333-8FDC-42A3-9474-1A3956D46DE8}") = "tools", "tools", "{02EA681E-C7D8-13C7-8484-4AC65E1B71E8}"
EndProject
Project("{FAE04EC0-301F-11D3-BF4B-00C04F79EFBC}") = "MergeSources", "MergeSources\MergeSources.csproj", "{BAD5F7E0-7640-4CB9-8A01-5EE73ACE051B}"
EndProject
Global
	GlobalSection(SolutionConfigurationPlatforms) = preSolution
		Debug|Any CPU = Debug|Any CPU
		Release|Any CPU = Release|Any CPU
	EndGlobalSection
	GlobalSection(ProjectConfigurationPlatforms) = postSolution
		{3FA4165B-E959-41CE-84AC-ABE36E0AEC3E}.Debug|Any CPU.ActiveCfg = Debug|Any CPU
		{3FA4165B-E959-41CE-84AC-ABE36E0AEC3E}.Debug|Any CPU.Build.0 = Debug|Any CPU
		{3FA4165B-E959-41CE-84AC-ABE36E0AEC3E}.Release|Any CPU.ActiveCfg = Release|Any CPU
		{3FA4165B-E959-41CE-84AC-ABE36E0AEC3E}.Release|Any CPU.Build.0 = Release|Any CPU
		{797B6FF5-1096-47BB-B251-215DBA5DF273}.Debug|Any CPU.ActiveCfg = Debug|Any CPU
		{797B6FF5-1096-47BB-B251-215DBA5DF273}.Debug|Any CPU.Build.0 = Debug|Any CPU
		{797B6FF5-1096-47BB-B251-215DBA5DF273}.Release|Any CPU.ActiveCfg = Release|Any CPU
		{797B6FF5-1096-47BB-B251-215DBA5DF273}.Release|Any CPU.Build.0 = Release|Any CPU
		{79DCAB4F-E19A-4BAB-B652-8A3F6E622382}.Debug|Any CPU.ActiveCfg = Debug|Any CPU
		{79DCAB4F-E19A-4BAB-B652-8A3F6E622382}.Debug|Any CPU.Build.0 = Debug|Any CPU
		{79DCAB4F-E19A-4BAB-B652-8A3F6E622382}.Release|Any CPU.ActiveCfg = Release|Any CPU
		{79DCAB4F-E19A-4BAB-B652-8A3F6E622382}.Release|Any CPU.Build.0 = Release|Any CPU
		{C0EBBA8B-207E-49E7-A2A7-5CDB0B8EE9C5}.Debug|Any CPU.ActiveCfg = Debug|Any CPU
		{C0EBBA8B-207E-49E7-A2A7-5CDB0B8EE9C5}.Debug|Any CPU.Build.0 = Debug|Any CPU
		{C0EBBA8B-207E-49E7-A2A7-5CDB0B8EE9C5}.Release|Any CPU.ActiveCfg = Release|Any CPU
		{C0EBBA8B-207E-49E7-A2A7-5CDB0B8EE9C5}.Release|Any CPU.Build.0 = Release|Any CPU
		{4209A3D4-AC21-4B19-A753-16215E7D4A39}.Debug|Any CPU.ActiveCfg = Debug|Any CPU
		{4209A3D4-AC21-4B19-A753-16215E7D4A39}.Debug|Any CPU.Build.0 = Debug|Any CPU
		{4209A3D4-AC21-4B19-A753-16215E7D4A39}.Release|Any CPU.ActiveCfg = Release|Any CPU
		{4209A3D4-AC21-4B19-A753-16215E7D4A39}.Release|Any CPU.Build.0 = Release|Any CPU
		{E7542518-EFAB-4EAB-9ACC-D83B49B85E52}.Debug|Any CPU.ActiveCfg = Debug|Any CPU
		{E7542518-EFAB-4EAB-9ACC-D83B49B85E52}.Debug|Any CPU.Build.0 = Debug|Any CPU
		{E7542518-EFAB-4EAB-9ACC-D83B49B85E52}.Release|Any CPU.ActiveCfg = Release|Any CPU
		{E7542518-EFAB-4EAB-9ACC-D83B49B85E52}.Release|Any CPU.Build.0 = Release|Any CPU
		{65DAEE38-18C8-42EE-B711-077227C528C3}.Debug|Any CPU.ActiveCfg = Debug|Any CPU
		{65DAEE38-18C8-42EE-B711-077227C528C3}.Release|Any CPU.ActiveCfg = Release|Any CPU
		{BAD5F7E0-7640-4CB9-8A01-5EE73ACE051B}.Debug|Any CPU.ActiveCfg = Debug|Any CPU
		{BAD5F7E0-7640-4CB9-8A01-5EE73ACE051B}.Debug|Any CPU.Build.0 = Debug|Any CPU
		{BAD5F7E0-7640-4CB9-8A01-5EE73ACE051B}.Release|Any CPU.ActiveCfg = Release|Any CPU
		{BAD5F7E0-7640-4CB9-8A01-5EE73ACE051B}.Release|Any CPU.Build.0 = Release|Any CPU
	EndGlobalSection
	GlobalSection(SolutionProperties) = preSolution
		HideSolutionNode = FALSE
	EndGlobalSection
	GlobalSection(NestedProjects) = preSolution
		{3FA4165B-E959-41CE-84AC-ABE36E0AEC3E} = {7C92241D-E081-41E1-B519-63E0BF15E869}
		{797B6FF5-1096-47BB-B251-215DBA5DF273} = {7EA7E276-EC85-429E-A358-46FC99B5F769}
		{79DCAB4F-E19A-4BAB-B652-8A3F6E622382} = {951B46DF-AC6C-4BBD-82BF-DCA8CE1BAED6}
		{C0EBBA8B-207E-49E7-A2A7-5CDB0B8EE9C5} = {7EA7E276-EC85-429E-A358-46FC99B5F769}
		{4209A3D4-AC21-4B19-A753-16215E7D4A39} = {951B46DF-AC6C-4BBD-82BF-DCA8CE1BAED6}
		{E7542518-EFAB-4EAB-9ACC-D83B49B85E52} = {7EA7E276-EC85-429E-A358-46FC99B5F769}
		{65DAEE38-18C8-42EE-B711-077227C528C3} = {AB1045A7-6ACD-42CC-A901-8C9C6985A8D7}
		{BAD5F7E0-7640-4CB9-8A01-5EE73ACE051B} = {02EA681E-C7D8-13C7-8484-4AC65E1B71E8}
	EndGlobalSection
	GlobalSection(ExtensibilityGlobals) = postSolution
		SolutionGuid = {3E9DAAED-6A69-4753-8BB3-37E7B3841F09}
	EndGlobalSection
EndGlobal
