
Microsoft Visual Studio Solution File, Format Version 12.00
# Visual Studio Version 17
VisualStudioVersion = 17.0.31903.59
MinimumVisualStudioVersion = 10.0.40219.1
Project("{FAE04EC0-301F-11D3-BF4B-00C04F79EFBC}") = "Railroader-ModInjector", "src\Railroader-ModInjector\Railroader-ModInjector.csproj", "{797B6FF5-1096-47BB-B251-215DBA5DF273}"
EndProject
Project("{FAE04EC0-301F-11D3-BF4B-00C04F79EFBC}") = "Railroader-ModInjector.Tests", "src\Railroader-ModInjector.Tests\Railroader-ModInjector.Tests.csproj", "{79DCAB4F-E19A-4BAB-B652-8A3F6E622382}"
EndProject
Project("{FAE04EC0-301F-11D3-BF4B-00C04F79EFBC}") = "Railroader.ModManager.Interfaces", "src\Railroader-ModInterfaces\Railroader.ModManager.Interfaces.csproj", "{C0EBBA8B-207E-49E7-A2A7-5CDB0B8EE9C5}"
EndProject
Project("{FAE04EC0-301F-11D3-BF4B-00C04F79EFBC}") = "Railroader.ModManager.Interfaces.Tests", "src\Railroader-ModInterfaces.Tests\Railroader.ModManager.Interfaces.Tests.csproj", "{4209A3D4-AC21-4B19-A753-16215E7D4A39}"
EndProject
Project("{FAE04EC0-301F-11D3-BF4B-00C04F79EFBC}") = "Railroader-ModsLoader", "src\Railroader-ModsLoader\Railroader-ModsLoader.csproj", "{E7542518-EFAB-4EAB-9ACC-D83B49B85E52}"
EndProject
Project("{2150E333-8FDC-42A3-9474-1A3956D46DE8}") = "src", "src", "{7EA7E276-EC85-429E-A358-46FC99B5F769}"
EndProject
Project("{2150E333-8FDC-42A3-9474-1A3956D46DE8}") = "tests", "tests", "{951B46DF-AC6C-4BBD-82BF-DCA8CE1BAED6}"
EndProject
Project("{2150E333-8FDC-42A3-9474-1A3956D46DE8}") = "tools", "tools", "{02EA681E-C7D8-13C7-8484-4AC65E1B71E8}"
EndProject
Project("{2150E333-8FDC-42A3-9474-1A3956D46DE8}") = "files", "files", "{8EC462FD-D22E-90A8-E5CE-7E832BA40C5D}"
	ProjectSection(SolutionItems) = preProject
		Directory.Build.props = Directory.Build.props
		Directory.Build.targets = Directory.Build.targets
		..\LICENSE = ..\LICENSE
		..\README.md = ..\README.md
		..\TODO.md = ..\TODO.md
	EndProjectSection
EndProject
Project("{FAE04EC0-301F-11D3-BF4B-00C04F79EFBC}") = "StrykerReportTool", "src\StrykerReportTool\StrykerReportTool.csproj", "{EF9556EC-8A0F-0C1F-E2B9-AFE0403E8A61}"
EndProject
Project("{FAE04EC0-301F-11D3-BF4B-00C04F79EFBC}") = "MemoryFileSystem", "src\MemoryFileSystem\MemoryFileSystem.csproj", "{17964381-469C-4E46-BD84-D4FC40612C2B}"
EndProject
Project("{FAE04EC0-301F-11D3-BF4B-00C04F79EFBC}") = "MemoryFileSystem.Tests", "src\MemoryFileSystem.Tests\MemoryFileSystem.Tests.csproj", "{EA3B34B7-E88A-4A01-92FA-BC6D488A8FAE}"
EndProject
Project("{FAE04EC0-301F-11D3-BF4B-00C04F79EFBC}") = "Stryker", "src\Stryker\Stryker.csproj", "{5376BC7F-5AA5-C127-BF09-7A32E0E3BFBF}"
EndProject
Project("{FAE04EC0-301F-11D3-BF4B-00C04F79EFBC}") = "ExternalAnnotationsBuilder", "src\ExternalAnnotationsBuilder\ExternalAnnotationsBuilder.csproj", "{C48E9155-AFEE-993C-9631-DFF425D58EE6}"
EndProject
Global
	GlobalSection(SolutionConfigurationPlatforms) = preSolution
		Debug|Any CPU = Debug|Any CPU
		Release|Any CPU = Release|Any CPU
	EndGlobalSection
	GlobalSection(ProjectConfigurationPlatforms) = postSolution
		{797B6FF5-1096-47BB-B251-215DBA5DF273}.Debug|Any CPU.ActiveCfg = Debug|Any CPU
		{797B6FF5-1096-47BB-B251-215DBA5DF273}.Debug|Any CPU.Build.0 = Debug|Any CPU
		{797B6FF5-1096-47BB-B251-215DBA5DF273}.Release|Any CPU.ActiveCfg = Release|Any CPU
		{797B6FF5-1096-47BB-B251-215DBA5DF273}.Release|Any CPU.Build.0 = Release|Any CPU
		{79DCAB4F-E19A-4BAB-B652-8A3F6E622382}.Debug|Any CPU.ActiveCfg = Debug|Any CPU
		{79DCAB4F-E19A-4BAB-B652-8A3F6E622382}.Debug|Any CPU.Build.0 = Debug|Any CPU
		{79DCAB4F-E19A-4BAB-B652-8A3F6E622382}.Release|Any CPU.ActiveCfg = Release|Any CPU
		{79DCAB4F-E19A-4BAB-B652-8A3F6E622382}.Release|Any CPU.Build.0 = Release|Any CPU
		{C0EBBA8B-207E-49E7-A2A7-5CDB0B8EE9C5}.Debug|Any CPU.ActiveCfg = Debug|Any CPU
		{C0EBBA8B-207E-49E7-A2A7-5CDB0B8EE9C5}.Debug|Any CPU.Build.0 = Debug|Any CPU
		{C0EBBA8B-207E-49E7-A2A7-5CDB0B8EE9C5}.Release|Any CPU.ActiveCfg = Release|Any CPU
		{C0EBBA8B-207E-49E7-A2A7-5CDB0B8EE9C5}.Release|Any CPU.Build.0 = Release|Any CPU
		{4209A3D4-AC21-4B19-A753-16215E7D4A39}.Debug|Any CPU.ActiveCfg = Debug|Any CPU
		{4209A3D4-AC21-4B19-A753-16215E7D4A39}.Debug|Any CPU.Build.0 = Debug|Any CPU
		{4209A3D4-AC21-4B19-A753-16215E7D4A39}.Release|Any CPU.ActiveCfg = Release|Any CPU
		{4209A3D4-AC21-4B19-A753-16215E7D4A39}.Release|Any CPU.Build.0 = Release|Any CPU
		{E7542518-EFAB-4EAB-9ACC-D83B49B85E52}.Debug|Any CPU.ActiveCfg = Debug|Any CPU
		{E7542518-EFAB-4EAB-9ACC-D83B49B85E52}.Debug|Any CPU.Build.0 = Debug|Any CPU
		{E7542518-EFAB-4EAB-9ACC-D83B49B85E52}.Release|Any CPU.ActiveCfg = Release|Any CPU
		{E7542518-EFAB-4EAB-9ACC-D83B49B85E52}.Release|Any CPU.Build.0 = Release|Any CPU
		{EF9556EC-8A0F-0C1F-E2B9-AFE0403E8A61}.Debug|Any CPU.ActiveCfg = Debug|Any CPU
		{EF9556EC-8A0F-0C1F-E2B9-AFE0403E8A61}.Debug|Any CPU.Build.0 = Debug|Any CPU
		{EF9556EC-8A0F-0C1F-E2B9-AFE0403E8A61}.Release|Any CPU.ActiveCfg = Release|Any CPU
		{EF9556EC-8A0F-0C1F-E2B9-AFE0403E8A61}.Release|Any CPU.Build.0 = Release|Any CPU
		{17964381-469C-4E46-BD84-D4FC40612C2B}.Debug|Any CPU.ActiveCfg = Debug|Any CPU
		{17964381-469C-4E46-BD84-D4FC40612C2B}.Debug|Any CPU.Build.0 = Debug|Any CPU
		{17964381-469C-4E46-BD84-D4FC40612C2B}.Release|Any CPU.ActiveCfg = Release|Any CPU
		{17964381-469C-4E46-BD84-D4FC40612C2B}.Release|Any CPU.Build.0 = Release|Any CPU
		{EA3B34B7-E88A-4A01-92FA-BC6D488A8FAE}.Debug|Any CPU.ActiveCfg = Debug|Any CPU
		{EA3B34B7-E88A-4A01-92FA-BC6D488A8FAE}.Debug|Any CPU.Build.0 = Debug|Any CPU
		{EA3B34B7-E88A-4A01-92FA-BC6D488A8FAE}.Release|Any CPU.ActiveCfg = Release|Any CPU
		{EA3B34B7-E88A-4A01-92FA-BC6D488A8FAE}.Release|Any CPU.Build.0 = Release|Any CPU
		{5376BC7F-5AA5-C127-BF09-7A32E0E3BFBF}.Debug|Any CPU.ActiveCfg = Debug|Any CPU
		{5376BC7F-5AA5-C127-BF09-7A32E0E3BFBF}.Debug|Any CPU.Build.0 = Debug|Any CPU
		{5376BC7F-5AA5-C127-BF09-7A32E0E3BFBF}.Release|Any CPU.ActiveCfg = Release|Any CPU
		{5376BC7F-5AA5-C127-BF09-7A32E0E3BFBF}.Release|Any CPU.Build.0 = Release|Any CPU
		{C48E9155-AFEE-993C-9631-DFF425D58EE6}.Debug|Any CPU.ActiveCfg = Debug|Any CPU
		{C48E9155-AFEE-993C-9631-DFF425D58EE6}.Debug|Any CPU.Build.0 = Debug|Any CPU
		{C48E9155-AFEE-993C-9631-DFF425D58EE6}.Release|Any CPU.ActiveCfg = Release|Any CPU
		{C48E9155-AFEE-993C-9631-DFF425D58EE6}.Release|Any CPU.Build.0 = Release|Any CPU
	EndGlobalSection
	GlobalSection(SolutionProperties) = preSolution
		HideSolutionNode = FALSE
	EndGlobalSection
	GlobalSection(NestedProjects) = preSolution
		{797B6FF5-1096-47BB-B251-215DBA5DF273} = {7EA7E276-EC85-429E-A358-46FC99B5F769}
		{79DCAB4F-E19A-4BAB-B652-8A3F6E622382} = {951B46DF-AC6C-4BBD-82BF-DCA8CE1BAED6}
		{C0EBBA8B-207E-49E7-A2A7-5CDB0B8EE9C5} = {7EA7E276-EC85-429E-A358-46FC99B5F769}
		{4209A3D4-AC21-4B19-A753-16215E7D4A39} = {951B46DF-AC6C-4BBD-82BF-DCA8CE1BAED6}
		{E7542518-EFAB-4EAB-9ACC-D83B49B85E52} = {7EA7E276-EC85-429E-A358-46FC99B5F769}
		{EF9556EC-8A0F-0C1F-E2B9-AFE0403E8A61} = {02EA681E-C7D8-13C7-8484-4AC65E1B71E8}
		{17964381-469C-4E46-BD84-D4FC40612C2B} = {02EA681E-C7D8-13C7-8484-4AC65E1B71E8}
		{EA3B34B7-E88A-4A01-92FA-BC6D488A8FAE} = {951B46DF-AC6C-4BBD-82BF-DCA8CE1BAED6}
		{5376BC7F-5AA5-C127-BF09-7A32E0E3BFBF} = {02EA681E-C7D8-13C7-8484-4AC65E1B71E8}
		{C48E9155-AFEE-993C-9631-DFF425D58EE6} = {02EA681E-C7D8-13C7-8484-4AC65E1B71E8}
	EndGlobalSection
	GlobalSection(ExtensibilityGlobals) = postSolution
		SolutionGuid = {3E9DAAED-6A69-4753-8BB3-37E7B3841F09}
	EndGlobalSection
EndGlobal
