
Microsoft Visual Studio Solution File, Format Version 12.00
# Visual Studio Version 17
VisualStudioVersion = 17.0.31903.59
MinimumVisualStudioVersion = 10.0.40219.1
Project("{2150E333-8FDC-42A3-9474-1A3956D46DE8}") = "tools", "tools", "{02EA681E-C7D8-13C7-8484-4AC65E1B71E8}"
EndProject
Project("{FAE04EC0-301F-11D3-BF4B-00C04F79EFBC}") = "ExternalAnnotationsBuilder", "src\ExternalAnnotationsBuilder\ExternalAnnotationsBuilder.csproj", "{A06FFBFE-197B-E3FC-DC08-51489B8061B8}"
EndProject
Project("{FAE04EC0-301F-11D3-BF4B-00C04F79EFBC}") = "Stryker", "src\Stryker\Stryker.csproj", "{FF50EFCD-0F2F-87EE-B385-9C1ECAF1F937}"
EndProject
Project("{FAE04EC0-301F-11D3-BF4B-00C04F79EFBC}") = "StrykerReportTool", "src\StrykerReportTool\StrykerReportTool.csproj", "{3FEB6F46-035B-F148-D38C-557CE555DB30}"
EndProject
Project("{2150E333-8FDC-42A3-9474-1A3956D46DE8}") = "src", "src", "{8A13D9A0-7312-44C4-A884-F7F26EC151C1}"
EndProject
Project("{FAE04EC0-301F-11D3-BF4B-00C04F79EFBC}") = "Railroader.ModManagerInstaller", "src\Railroader.ModManagerInstaller\Railroader.ModManagerInstaller.csproj", "{A53CB09A-2042-4C71-AD8C-90A0AF7ECC15}"
EndProject
Project("{FAE04EC0-301F-11D3-BF4B-00C04F79EFBC}") = "Railroader.ModManager.Interfaces", "src\Railroader.ModManager.Interfaces\Railroader.ModManager.Interfaces.csproj", "{267EC3B8-D113-4051-99F1-8CCFCF81DDAE}"
EndProject
Project("{2150E333-8FDC-42A3-9474-1A3956D46DE8}") = "tests", "tests", "{41EAF235-CFE0-4DC8-B489-0DB9E958A0EE}"
EndProject
Project("{2150E333-8FDC-42A3-9474-1A3956D46DE8}") = "files", "files", "{A8C0EDB2-2D6A-476B-9455-096CC7B1ABD4}"
	ProjectSection(SolutionItems) = preProject
		Directory.Build.props = Directory.Build.props
		Directory.Build.targets = Directory.Build.targets
		..\LICENSE = ..\LICENSE
		Paths.user = Paths.user
		..\README.md = ..\README.md
		stryker-config.json = stryker-config.json
		..\TODO.md = ..\TODO.md
	EndProjectSection
EndProject
Project("{2150E333-8FDC-42A3-9474-1A3956D46DE8}") = "mocks", "mocks", "{DB57033A-B114-4B18-8586-B3D525FF5A60}"
EndProject
Project("{FAE04EC0-301F-11D3-BF4B-00C04F79EFBC}") = "Railroader.ModManager.Interfaces.Tests", "src\Railroader.ModManager.Interfaces.Tests\Railroader.ModManager.Interfaces.Tests.csproj", "{6B866B34-16C2-9808-F47C-77F28CED4B2C}"
EndProject
Project("{FAE04EC0-301F-11D3-BF4B-00C04F79EFBC}") = "Railroader.ModManager2", "src\Railroader.ModManager2\Railroader.ModManager2.csproj", "{35B3F7CB-4718-6522-18DE-8DF756CEA35D}"
EndProject
Project("{FAE04EC0-301F-11D3-BF4B-00C04F79EFBC}") = "Railroader.ModManager2.Tests", "src\Railroader.ModManager.Tests2\Railroader.ModManager2.Tests.csproj", "{625688D6-CC94-032F-C03A-C25DAF2235A3}"
EndProject
Project("{FAE04EC0-301F-11D3-BF4B-00C04F79EFBC}") = "MemoryFileSystem2", "src\MemoryFileSystem2\MemoryFileSystem2.csproj", "{A95643C7-9CF1-2493-4D0F-630DF3110859}"
EndProject
Project("{FAE04EC0-301F-11D3-BF4B-00C04F79EFBC}") = "MemoryFileSystem2.Tests", "src\MemoryFileSystem2.Tests\MemoryFileSystem2.Tests.csproj", "{5A70ED21-CDF1-8976-6C6F-076A6D00C8D4}"
EndProject
Global
	GlobalSection(SolutionConfigurationPlatforms) = preSolution
		Debug|Any CPU = Debug|Any CPU
		Release|Any CPU = Release|Any CPU
	EndGlobalSection
	GlobalSection(ProjectConfigurationPlatforms) = postSolution
		{A06FFBFE-197B-E3FC-DC08-51489B8061B8}.Debug|Any CPU.ActiveCfg = Debug|Any CPU
		{A06FFBFE-197B-E3FC-DC08-51489B8061B8}.Debug|Any CPU.Build.0 = Debug|Any CPU
		{A06FFBFE-197B-E3FC-DC08-51489B8061B8}.Release|Any CPU.ActiveCfg = Release|Any CPU
		{A06FFBFE-197B-E3FC-DC08-51489B8061B8}.Release|Any CPU.Build.0 = Release|Any CPU
		{FF50EFCD-0F2F-87EE-B385-9C1ECAF1F937}.Debug|Any CPU.ActiveCfg = Debug|Any CPU
		{FF50EFCD-0F2F-87EE-B385-9C1ECAF1F937}.Debug|Any CPU.Build.0 = Debug|Any CPU
		{FF50EFCD-0F2F-87EE-B385-9C1ECAF1F937}.Release|Any CPU.ActiveCfg = Release|Any CPU
		{FF50EFCD-0F2F-87EE-B385-9C1ECAF1F937}.Release|Any CPU.Build.0 = Release|Any CPU
		{3FEB6F46-035B-F148-D38C-557CE555DB30}.Debug|Any CPU.ActiveCfg = Debug|Any CPU
		{3FEB6F46-035B-F148-D38C-557CE555DB30}.Debug|Any CPU.Build.0 = Debug|Any CPU
		{3FEB6F46-035B-F148-D38C-557CE555DB30}.Release|Any CPU.ActiveCfg = Release|Any CPU
		{3FEB6F46-035B-F148-D38C-557CE555DB30}.Release|Any CPU.Build.0 = Release|Any CPU
		{A53CB09A-2042-4C71-AD8C-90A0AF7ECC15}.Debug|Any CPU.ActiveCfg = Debug|Any CPU
		{A53CB09A-2042-4C71-AD8C-90A0AF7ECC15}.Debug|Any CPU.Build.0 = Debug|Any CPU
		{A53CB09A-2042-4C71-AD8C-90A0AF7ECC15}.Release|Any CPU.ActiveCfg = Release|Any CPU
		{A53CB09A-2042-4C71-AD8C-90A0AF7ECC15}.Release|Any CPU.Build.0 = Release|Any CPU
		{267EC3B8-D113-4051-99F1-8CCFCF81DDAE}.Debug|Any CPU.ActiveCfg = Debug|Any CPU
		{267EC3B8-D113-4051-99F1-8CCFCF81DDAE}.Debug|Any CPU.Build.0 = Debug|Any CPU
		{267EC3B8-D113-4051-99F1-8CCFCF81DDAE}.Release|Any CPU.ActiveCfg = Release|Any CPU
		{267EC3B8-D113-4051-99F1-8CCFCF81DDAE}.Release|Any CPU.Build.0 = Release|Any CPU
		{6B866B34-16C2-9808-F47C-77F28CED4B2C}.Debug|Any CPU.ActiveCfg = Debug|Any CPU
		{6B866B34-16C2-9808-F47C-77F28CED4B2C}.Debug|Any CPU.Build.0 = Debug|Any CPU
		{6B866B34-16C2-9808-F47C-77F28CED4B2C}.Release|Any CPU.ActiveCfg = Release|Any CPU
		{6B866B34-16C2-9808-F47C-77F28CED4B2C}.Release|Any CPU.Build.0 = Release|Any CPU
		{35B3F7CB-4718-6522-18DE-8DF756CEA35D}.Debug|Any CPU.ActiveCfg = Debug|Any CPU
		{35B3F7CB-4718-6522-18DE-8DF756CEA35D}.Debug|Any CPU.Build.0 = Debug|Any CPU
		{35B3F7CB-4718-6522-18DE-8DF756CEA35D}.Release|Any CPU.ActiveCfg = Release|Any CPU
		{35B3F7CB-4718-6522-18DE-8DF756CEA35D}.Release|Any CPU.Build.0 = Release|Any CPU
		{625688D6-CC94-032F-C03A-C25DAF2235A3}.Debug|Any CPU.ActiveCfg = Debug|Any CPU
		{625688D6-CC94-032F-C03A-C25DAF2235A3}.Debug|Any CPU.Build.0 = Debug|Any CPU
		{625688D6-CC94-032F-C03A-C25DAF2235A3}.Release|Any CPU.ActiveCfg = Release|Any CPU
		{625688D6-CC94-032F-C03A-C25DAF2235A3}.Release|Any CPU.Build.0 = Release|Any CPU
		{A95643C7-9CF1-2493-4D0F-630DF3110859}.Debug|Any CPU.ActiveCfg = Debug|Any CPU
		{A95643C7-9CF1-2493-4D0F-630DF3110859}.Debug|Any CPU.Build.0 = Debug|Any CPU
		{A95643C7-9CF1-2493-4D0F-630DF3110859}.Release|Any CPU.ActiveCfg = Release|Any CPU
		{A95643C7-9CF1-2493-4D0F-630DF3110859}.Release|Any CPU.Build.0 = Release|Any CPU
		{5A70ED21-CDF1-8976-6C6F-076A6D00C8D4}.Debug|Any CPU.ActiveCfg = Debug|Any CPU
		{5A70ED21-CDF1-8976-6C6F-076A6D00C8D4}.Debug|Any CPU.Build.0 = Debug|Any CPU
		{5A70ED21-CDF1-8976-6C6F-076A6D00C8D4}.Release|Any CPU.ActiveCfg = Release|Any CPU
		{5A70ED21-CDF1-8976-6C6F-076A6D00C8D4}.Release|Any CPU.Build.0 = Release|Any CPU
	EndGlobalSection
	GlobalSection(SolutionProperties) = preSolution
		HideSolutionNode = FALSE
	EndGlobalSection
	GlobalSection(NestedProjects) = preSolution
		{A06FFBFE-197B-E3FC-DC08-51489B8061B8} = {02EA681E-C7D8-13C7-8484-4AC65E1B71E8}
		{FF50EFCD-0F2F-87EE-B385-9C1ECAF1F937} = {02EA681E-C7D8-13C7-8484-4AC65E1B71E8}
		{3FEB6F46-035B-F148-D38C-557CE555DB30} = {02EA681E-C7D8-13C7-8484-4AC65E1B71E8}
		{A53CB09A-2042-4C71-AD8C-90A0AF7ECC15} = {8A13D9A0-7312-44C4-A884-F7F26EC151C1}
		{267EC3B8-D113-4051-99F1-8CCFCF81DDAE} = {8A13D9A0-7312-44C4-A884-F7F26EC151C1}
		{6B866B34-16C2-9808-F47C-77F28CED4B2C} = {41EAF235-CFE0-4DC8-B489-0DB9E958A0EE}
		{35B3F7CB-4718-6522-18DE-8DF756CEA35D} = {8A13D9A0-7312-44C4-A884-F7F26EC151C1}
		{625688D6-CC94-032F-C03A-C25DAF2235A3} = {41EAF235-CFE0-4DC8-B489-0DB9E958A0EE}
		{A95643C7-9CF1-2493-4D0F-630DF3110859} = {DB57033A-B114-4B18-8586-B3D525FF5A60}
		{5A70ED21-CDF1-8976-6C6F-076A6D00C8D4} = {41EAF235-CFE0-4DC8-B489-0DB9E958A0EE}
	EndGlobalSection
	GlobalSection(ExtensibilityGlobals) = postSolution
		SolutionGuid = {8ED8BFD4-3F8C-4E30-9660-49C14B3A6AFE}
	EndGlobalSection
EndGlobal
